// !$*UTF8*$!
{
	archiveVersion = 1;
	classes = {
	};
	objectVersion = 46;
	objects = {

/* Begin PBXBuildFile section */
		55B2CF0720F6837900CEC0BB /* AppDelegate.swift in Sources */ = {isa = PBXBuildFile; fileRef = 55B2CF0620F6837900CEC0BB /* AppDelegate.swift */; };
		55B2CF0920F6837900CEC0BB /* ViewController.swift in Sources */ = {isa = PBXBuildFile; fileRef = 55B2CF0820F6837900CEC0BB /* ViewController.swift */; };
		55B2CF0C20F6837900CEC0BB /* Main.storyboard in Resources */ = {isa = PBXBuildFile; fileRef = 55B2CF0A20F6837900CEC0BB /* Main.storyboard */; };
		55B2CF0E20F6837900CEC0BB /* Assets.xcassets in Resources */ = {isa = PBXBuildFile; fileRef = 55B2CF0D20F6837900CEC0BB /* Assets.xcassets */; };
		55B2CF1120F6837900CEC0BB /* LaunchScreen.storyboard in Resources */ = {isa = PBXBuildFile; fileRef = 55B2CF0F20F6837900CEC0BB /* LaunchScreen.storyboard */; };
/* End PBXBuildFile section */

/* Begin PBXFileReference section */
		55B2CF0320F6837900CEC0BB /* Practice Math.app */ = {isa = PBXFileReference; explicitFileType = wrapper.application; includeInIndex = 0; path = "Practice Math.app"; sourceTree = BUILT_PRODUCTS_DIR; };
		55B2CF0620F6837900CEC0BB /* AppDelegate.swift */ = {isa = PBXFileReference; lastKnownFileType = sourcecode.swift; path = AppDelegate.swift; sourceTree = "<group>"; };
		55B2CF0820F6837900CEC0BB /* ViewController.swift */ = {isa = PBXFileReference; lastKnownFileType = sourcecode.swift; path = ViewController.swift; sourceTree = "<group>"; };
		55B2CF0B20F6837900CEC0BB /* Base */ = {isa = PBXFileReference; lastKnownFileType = file.storyboard; name = Base; path = Base.lproj/Main.storyboard; sourceTree = "<group>"; };
		55B2CF0D20F6837900CEC0BB /* Assets.xcassets */ = {isa = PBXFileReference; lastKnownFileType = folder.assetcatalog; path = Assets.xcassets; sourceTree = "<group>"; };
		55B2CF1020F6837900CEC0BB /* Base */ = {isa = PBXFileReference; lastKnownFileType = file.storyboard; name = Base; path = Base.lproj/LaunchScreen.storyboard; sourceTree = "<group>"; };
		55B2CF1220F6837900CEC0BB /* Info.plist */ = {isa = PBXFileReference; lastKnownFileType = text.plist.xml; path = Info.plist; sourceTree = "<group>"; };
/* End PBXFileReference section */

/* Begin PBXFrameworksBuildPhase section */
		55B2CF0020F6837900CEC0BB /* Frameworks */ = {
			isa = PBXFrameworksBuildPhase;
			buildActionMask = 2147483647;
			files = (
			);
			runOnlyForDeploymentPostprocessing = 0;
		};
/* End PBXFrameworksBuildPhase section */

/* Begin PBXGroup section */
		55B2CEFA20F6837900CEC0BB = {
			isa = PBXGroup;
			children = (
				55B2CF0520F6837900CEC0BB /* Practice Math */,
				55B2CF0420F6837900CEC0BB /* Products */,
			);
			sourceTree = "<group>";
		};
		55B2CF0420F6837900CEC0BB /* Products */ = {
			isa = PBXGroup;
			children = (
				55B2CF0320F6837900CEC0BB /* Practice Math.app */,
			);
			name = Products;
			sourceTree = "<group>";
		};
		55B2CF0520F6837900CEC0BB /* Practice Math */ = {
			isa = PBXGroup;
			children = (
				55B2CF0620F6837900CEC0BB /* AppDelegate.swift */,
				55B2CF0820F6837900CEC0BB /* ViewController.swift */,
				55B2CF0A20F6837900CEC0BB /* Main.storyboard */,
				55B2CF0D20F6837900CEC0BB /* Assets.xcassets */,
				55B2CF0F20F6837900CEC0BB /* LaunchScreen.storyboard */,
				55B2CF1220F6837900CEC0BB /* Info.plist */,
			);
			path = "Practice Math";
			sourceTree = "<group>";
		};
/* End PBXGroup section */

/* Begin PBXNativeTarget section */
		55B2CF0220F6837900CEC0BB /* Practice Math */ = {
			isa = PBXNativeTarget;
			buildConfigurationList = 55B2CF1520F6837900CEC0BB /* Build configuration list for PBXNativeTarget "Practice Math" */;
			buildPhases = (
				55B2CEFF20F6837900CEC0BB /* Sources */,
				55B2CF0020F6837900CEC0BB /* Frameworks */,
				55B2CF0120F6837900CEC0BB /* Resources */,
			);
			buildRules = (
			);
			dependencies = (
			);
			name = "Practice Math";
			productName = "Practice Math";
			productReference = 55B2CF0320F6837900CEC0BB /* Practice Math.app */;
			productType = "com.apple.product-type.application";
		};
/* End PBXNativeTarget section */

/* Begin PBXProject section */
		55B2CEFB20F6837900CEC0BB /* Project object */ = {
			isa = PBXProject;
			attributes = {
				LastSwiftUpdateCheck = 0830;
				LastUpgradeCheck = 0830;
				ORGANIZATIONNAME = AKaplan;
				TargetAttributes = {
					55B2CF0220F6837900CEC0BB = {
						CreatedOnToolsVersion = 8.3.3;
						DevelopmentTeam = NZD769ME7Z;
						ProvisioningStyle = Automatic;
					};
				};
			};
			buildConfigurationList = 55B2CEFE20F6837900CEC0BB /* Build configuration list for PBXProject "Practice Math" */;
			compatibilityVersion = "Xcode 3.2";
			developmentRegion = English;
			hasScannedForEncodings = 0;
			knownRegions = (
				en,
				Base,
			);
			mainGroup = 55B2CEFA20F6837900CEC0BB;
			productRefGroup = 55B2CF0420F6837900CEC0BB /* Products */;
			projectDirPath = "";
			projectRoot = "";
			targets = (
				55B2CF0220F6837900CEC0BB /* Practice Math */,
			);
		};
/* End PBXProject section */

/* Begin PBXResourcesBuildPhase section */
		55B2CF0120F6837900CEC0BB /* Resources */ = {
			isa = PBXResourcesBuildPhase;
			buildActionMask = 2147483647;
			files = (
				55B2CF1120F6837900CEC0BB /* LaunchScreen.storyboard in Resources */,
				55B2CF0E20F6837900CEC0BB /* Assets.xcassets in Resources */,
				55B2CF0C20F6837900CEC0BB /* Main.storyboard in Resources */,
			);
			runOnlyForDeploymentPostprocessing = 0;
		};
/* End PBXResourcesBuildPhase section */

/* Begin PBXSourcesBuildPhase section */
		55B2CEFF20F6837900CEC0BB /* Sources */ = {
			isa = PBXSourcesBuildPhase;
			buildActionMask = 2147483647;
			files = (
				55B2CF0920F6837900CEC0BB /* ViewController.swift in Sources */,
				55B2CF0720F6837900CEC0BB /* AppDelegate.swift in Sources */,
			);
			runOnlyForDeploymentPostprocessing = 0;
		};
/* End PBXSourcesBuildPhase section */

/* Begin PBXVariantGroup section */
		55B2CF0A20F6837900CEC0BB /* Main.storyboard */ = {
			isa = PBXVariantGroup;
			children = (
				55B2CF0B20F6837900CEC0BB /* Base */,
			);
			name = Main.storyboard;
			sourceTree = "<group>";
		};
		55B2CF0F20F6837900CEC0BB /* LaunchScreen.storyboard */ = {
			isa = PBXVariantGroup;
			children = (
				55B2CF1020F6837900CEC0BB /* Base */,
			);
			name = LaunchScreen.storyboard;
			sourceTree = "<group>";
		};
/* End PBXVariantGroup section */

/* Begin XCBuildConfiguration section */
		55B2CF1320F6837900CEC0BB /* Debug */ = {
			isa = XCBuildConfiguration;
			buildSettings = {
				ALWAYS_SEARCH_USER_PATHS = NO;
				CLANG_ANALYZER_NONNULL = YES;
				CLANG_ANALYZER_NUMBER_OBJECT_CONVERSION = YES_AGGRESSIVE;
				CLANG_CXX_LANGUAGE_STANDARD = "gnu++0x";
				CLANG_CXX_LIBRARY = "libc++";
				CLANG_ENABLE_MODULES = YES;
				CLANG_ENABLE_OBJC_ARC = YES;
				CLANG_WARN_BOOL_CONVERSION = YES;
				CLANG_WARN_CONSTANT_CONVERSION = YES;
				CLANG_WARN_DIRECT_OBJC_ISA_USAGE = YES_ERROR;
				CLANG_WARN_DOCUMENTATION_COMMENTS = YES;
				CLANG_WARN_EMPTY_BODY = YES;
				CLANG_WARN_ENUM_CONVERSION = YES;
				CLANG_WARN_INFINITE_RECURSION = YES;
				CLANG_WARN_INT_CONVERSION = YES;
				CLANG_WARN_OBJC_ROOT_CLASS = YES_ERROR;
				CLANG_WARN_SUSPICIOUS_MOVE = YES;
				CLANG_WARN_UNREACHABLE_CODE = YES;
				CLANG_WARN__DUPLICATE_METHOD_MATCH = YES;
				"CODE_SIGN_IDENTITY[sdk=iphoneos*]" = "iPhone Developer";
				COPY_PHASE_STRIP = NO;
				DEBUG_INFORMATION_FORMAT = dwarf;
				ENABLE_STRICT_OBJC_MSGSEND = YES;
				ENABLE_TESTABILITY = YES;
				GCC_C_LANGUAGE_STANDARD = gnu99;
				GCC_DYNAMIC_NO_PIC = NO;
				GCC_NO_COMMON_BLOCKS = YES;
				GCC_OPTIMIZATION_LEVEL = 0;
				GCC_PREPROCESSOR_DEFINITIONS = (
					"DEBUG=1",
					"$(inherited)",
				);
				GCC_WARN_64_TO_32_BIT_CONVERSION = YES;
				GCC_WARN_ABOUT_RETURN_TYPE = YES_ERROR;
				GCC_WARN_UNDECLARED_SELECTOR = YES;
				GCC_WARN_UNINITIALIZED_AUTOS = YES_AGGRESSIVE;
				GCC_WARN_UNUSED_FUNCTION = YES;
				GCC_WARN_UNUSED_VARIABLE = YES;
				IPHONEOS_DEPLOYMENT_TARGET = 10.3;
				MTL_ENABLE_DEBUG_INFO = YES;
				ONLY_ACTIVE_ARCH = YES;
				SDKROOT = iphoneos;
				SWIFT_ACTIVE_COMPILATION_CONDITIONS = DEBUG;
				SWIFT_OPTIMIZATION_LEVEL = "-Onone";
			};
			name = Debug;
		};
		55B2CF1420F6837900CEC0BB /* Release */ = {
			isa = XCBuildConfiguration;
			buildSettings = {
				ALWAYS_SEARCH_USER_PATHS = NO;
				CLANG_ANALYZER_NONNULL = YES;
				CLANG_ANALYZER_NUMBER_OBJECT_CONVERSION = YES_AGGRESSIVE;
				CLANG_CXX_LANGUAGE_STANDARD = "gnu++0x";
				CLANG_CXX_LIBRARY = "libc++";
				CLANG_ENABLE_MODULES = YES;
				CLANG_ENABLE_OBJC_ARC = YES;
				CLANG_WARN_BOOL_CONVERSION = YES;
				CLANG_WARN_CONSTANT_CONVERSION = YES;
				CLANG_WARN_DIRECT_OBJC_ISA_USAGE = YES_ERROR;
				CLANG_WARN_DOCUMENTATION_COMMENTS = YES;
				CLANG_WARN_EMPTY_BODY = YES;
				CLANG_WARN_ENUM_CONVERSION = YES;
				CLANG_WARN_INFINITE_RECURSION = YES;
				CLANG_WARN_INT_CONVERSION = YES;
				CLANG_WARN_OBJC_ROOT_CLASS = YES_ERROR;
				CLANG_WARN_SUSPICIOUS_MOVE = YES;
				CLANG_WARN_UNREACHABLE_CODE = YES;
				CLANG_WARN__DUPLICATE_METHOD_MATCH = YES;
				"CODE_SIGN_IDENTITY[sdk=iphoneos*]" = "iPhone Developer";
				COPY_PHASE_STRIP = NO;
				DEBUG_INFORMATION_FORMAT = "dwarf-with-dsym";
				ENABLE_NS_ASSERTIONS = NO;
				ENABLE_STRICT_OBJC_MSGSEND = YES;
				GCC_C_LANGUAGE_STANDARD = gnu99;
				GCC_NO_COMMON_BLOCKS = YES;
				GCC_WARN_64_TO_32_BIT_CONVERSION = YES;
				GCC_WARN_ABOUT_RETURN_TYPE = YES_ERROR;
				GCC_WARN_UNDECLARED_SELECTOR = YES;
				GCC_WARN_UNINITIALIZED_AUTOS = YES_AGGRESSIVE;
				GCC_WARN_UNUSED_FUNCTION = YES;
				GCC_WARN_UNUSED_VARIABLE = YES;
				IPHONEOS_DEPLOYMENT_TARGET = 10.3;
				MTL_ENABLE_DEBUG_INFO = NO;
				SDKROOT = iphoneos;
				SWIFT_OPTIMIZATION_LEVEL = "-Owholemodule";
				VALIDATE_PRODUCT = YES;
			};
			name = Release;
		};
		55B2CF1620F6837900CEC0BB /* Debug */ = {
			isa = XCBuildConfiguration;
			buildSettings = {
				ASSETCATALOG_COMPILER_APPICON_NAME = AppIcon;
				DEVELOPMENT_TEAM = NZD769ME7Z;
				INFOPLIST_FILE = "Practice Math/Info.plist";
				LD_RUNPATH_SEARCH_PATHS = "$(inherited) @executable_path/Frameworks";
				PRODUCT_BUNDLE_IDENTIFIER = Math;
				PRODUCT_NAME = "$(TARGET_NAME)";
				SWIFT_VERSION = 3.0;
			};
			name = Debug;
		};
		55B2CF1720F6837900CEC0BB /* Release */ = {
			isa = XCBuildConfiguration;
			buildSettings = {
				ASSETCATALOG_COMPILER_APPICON_NAME = AppIcon;
				DEVELOPMENT_TEAM = NZD769ME7Z;
				INFOPLIST_FILE = "Practice Math/Info.plist";
				LD_RUNPATH_SEARCH_PATHS = "$(inherited) @executable_path/Frameworks";
				PRODUCT_BUNDLE_IDENTIFIER = Math;
				PRODUCT_NAME = "$(TARGET_NAME)";
				SWIFT_VERSION = 3.0;
			};
			name = Release;
		};
/* End XCBuildConfiguration section */

/* Begin XCConfigurationList section */
		55B2CEFE20F6837900CEC0BB /* Build configuration list for PBXProject "Practice Math" */ = {
			isa = XCConfigurationList;
			buildConfigurations = (
				55B2CF1320F6837900CEC0BB /* Debug */,
				55B2CF1420F6837900CEC0BB /* Release */,
			);
			defaultConfigurationIsVisible = 0;
			defaultConfigurationName = Release;
		};
		55B2CF1520F6837900CEC0BB /* Build configuration list for PBXNativeTarget "Practice Math" */ = {
			isa = XCConfigurationList;
			buildConfigurations = (
				55B2CF1620F6837900CEC0BB /* Debug */,
				55B2CF1720F6837900CEC0BB /* Release */,
			);
			defaultConfigurationIsVisible = 0;
			defaultConfigurationName = Release;
		};
/* End XCConfigurationList section */
	};
	rootObject = 55B2CEFB20F6837900CEC0BB /* Project object */;
}
